PODS:
  - Expecta (0.3.1)
  - FBSnapshotTestCase (1.1)
  - TWGExtensions (0.1.0)

DEPENDENCIES:
  - Expecta
  - FBSnapshotTestCase
  - TWGExtensions (from `../`)

EXTERNAL SOURCES:
  TWGExtensions:
    :path: ../

SPEC CHECKSUMS:
  Expecta: 03aabd0a89d8dea843baecb19a7fd7466a69a31d
  FBSnapshotTestCase: 9053afee1d66b4c7c313fcb0ae582a5e47bea9d0
  TWGExtensions: b6706362218212d612a7735dd2bcb22406daf5a7

COCOAPODS: 0.33.1
